<?xml version="1.0" encoding="UTF-8" standalone="yes" ?>
<CodeBlocks_project_file>
	<FileVersion major="1" minor="6" />
	<Project>
		<Option title="lwMain" />
		<Option pch_mode="2" />
		<Option compiler="gcc" />
		<Build>
			<Target title="Debug-Win32">
				<Option output="lib/LW-dbg" prefix_auto="1" extension_auto="1" />
				<Option working_dir="" />
				<Option object_output="obj/Debug/" />
				<Option type="2" />
				<Option compiler="gcc" />
				<Compiler>
					<Add option="-std=c++11" />
					<Add option="-pg" />
					<Add option="-g" />
					<Add option="-fno-omit-frame-pointer" />
					<Add option="-O0" />
					<Add option="-DBACKEND_W32" />
					<Add option="-D_DEBUG" />
					<Add directory="./" />
				</Compiler>
				<Linker>
					<Add option="-pg -lgmon" />
					<Add option="-pg" />
					<Add option="-luser32" />
					<Add option="-lgdi32" />
					<Add option="-lkernel32" />
					<Add option="-lcomctl32" />
					<Add option="-lcomdlg32" />
					<Add directory="lib" />
				</Linker>
			</Target>
			<Target title="Release-Win32">
				<Option output="lib/LW" prefix_auto="1" extension_auto="1" />
				<Option working_dir="" />
				<Option object_output="obj/Release/" />
				<Option type="2" />
				<Option compiler="gcc" />
				<Compiler>
					<Add option="-march=corei7" />
					<Add option="-O3" />
					<Add option="-std=c++11" />
					<Add option="-DBACKEND_W32" />
					<Add option="-DNDEBUG" />
					<Add directory="./" />
				</Compiler>
				<Linker>
					<Add option="-s" />
					<Add option="-luser32" />
					<Add option="-lgdi32" />
					<Add option="-lkernel32" />
					<Add option="-lcomctl32" />
					<Add option="-lcomdlg32" />
					<Add directory="lib" />
				</Linker>
			</Target>
			<Target title="Debug-X11">
				<Option output="lib/LW-dbg" prefix_auto="1" extension_auto="1" />
				<Option working_dir="" />
				<Option object_output="obj/Debug/" />
				<Option type="2" />
				<Option compiler="gcc" />
				<Compiler>
					<Add option="-std=c++11" />
					<Add option="-pg" />
					<Add option="-g" />
					<Add option="-fno-omit-frame-pointer" />
					<Add option="-O0" />
					<Add option="-DBACKEND_X11" />
					<Add option="-D_DEBUG" />
				</Compiler>
				<Linker>
					<Add option="-pg -lgmon" />
					<Add option="-pg" />
					<Add option="-pthread" />
					<Add option="-lX11" />
				</Linker>
			</Target>
			<Target title="Test-Win32">
				<Option output="bin/LightWidget" prefix_auto="1" extension_auto="1" />
				<Option working_dir="bin" />
				<Option object_output="obj/Debug/" />
				<Option type="1" />
				<Option compiler="gcc" />
				<Option use_console_runner="0" />
				<Compiler>
					<Add option="-std=c++11" />
					<Add option="-g" />
					<Add option="-fno-omit-frame-pointer" />
					<Add option="-O0" />
					<Add option="-DBACKEND_W32" />
					<Add option="-D_DEBUG" />
					<Add directory="../LightWidget" />
				</Compiler>
				<Linker>
					<Add option="-pg" />
					<Add option="-luser32" />
					<Add option="-lopengl32" />
					<Add option="-lgdi32" />
					<Add option="-lkernel32" />
					<Add option="-lcomctl32" />
					<Add option="-lcomdlg32" />
					<Add library="lib/libLWGL-dbg.a" />
					<Add directory="lib/" />
				</Linker>
			</Target>
		</Build>
		<Compiler>
			<Add option="-Wall" />
		</Compiler>
		<Unit filename="README.md">
			<Option target="&lt;{~None~}&gt;" />
		</Unit>
		<Unit filename="lw-main-gtk.cpp">
			<Option target="&lt;{~None~}&gt;" />
		</Unit>
		<Unit filename="lw-main-win32.cpp">
			<Option target="Debug-Win32" />
			<Option target="Release-Win32" />
			<Option target="Test-Win32" />
		</Unit>
		<Unit filename="lw-main-x11.cpp">
			<Option target="Debug-X11" />
		</Unit>
		<Unit filename="lw-main.h" />
		<Unit filename="lw-resources-gtk.cpp">
			<Option target="&lt;{~None~}&gt;" />
		</Unit>
		<Unit filename="lw-resources-win32.cpp" />
		<Unit filename="lw-resources.h" />
		<Unit filename="test.cpp">
			<Option target="Debug-X11" />
			<Option target="Test-Win32" />
		</Unit>
		<Extensions>
			<code_completion />
			<envvars />
			<debugger />
			<DoxyBlocks>
				<comment_style block="0" line="2" />
				<doxyfile_project project_number="1" output_directory="docs" />
				<doxyfile_build />
				<doxyfile_warnings />
				<doxyfile_output />
				<doxyfile_dot class_diagrams="1" have_dot="1" />
				<general use_at_in_tags="1" />
			</DoxyBlocks>
		</Extensions>
	</Project>
</CodeBlocks_project_file>
